{
  "originHash" : "d448d6d10cb6a17555fdf11f2e2bf9eb28c35b7304bab403f49b4b4c3a71cea2",
  "pins" : [
    {
      "identity" : "swift-glob",
      "kind" : "remoteSourceControl",
      "location" : "https://github.com/davbeck/swift-glob",
      "state" : {
        "revision" : "07ba6f47d903a0b1b59f12ca70d6de9949b975d6",
        "version" : "0.2.0"
      }
    }
  ],
  "version" : 3
}
